Microsoft Visual Studio Solution File, Format Version 12.00
# Visual Studio Version 17
VisualStudioVersion = 17.2.32630.192
MinimumVisualStudioVersion = 16.0.0.0
Project("{9A19103F-16F7-4668-BE54-9A1E7A4F7556}") = "Faith.Server", "Server\Faith.Server.csproj", "{945DA716-504D-4D23-8D08-7B7AEA63F338}"
	ProjectSection(ProjectDependencies) = postProject
		{3B88B46E-4E8C-46DD-8684-49D4684F4C49} = {3B88B46E-4E8C-46DD-8684-49D4684F4C49}
	EndProjectSection
EndProject
Project("{9A19103F-16F7-4668-BE54-9A1E7A4F7556}") = "Faith.Client", "Client\Faith.Client.csproj", "{76BC65D0-87BA-4EC2-8F28-9D396AF31D9B}"
EndProject
Project("{9A19103F-16F7-4668-BE54-9A1E7A4F7556}") = "Faith.Shared", "Shared\Faith.Shared.csproj", "{10CB5C75-1740-4C2D-844D-BA7C5873646A}"
EndProject
Project("{9A19103F-16F7-4668-BE54-9A1E7A4F7556}") = "Domain", "Domain\Domain.csproj", "{3B88B46E-4E8C-46DD-8684-49D4684F4C49}"
EndProject
Global
	GlobalSection(SolutionConfigurationPlatforms) = preSolution
		Debug|Any CPU = Debug|Any CPU
		Debug|x64 = Debug|x64
		Debug|x86 = Debug|x86
		Release|Any CPU = Release|Any CPU
		Release|x64 = Release|x64
		Release|x86 = Release|x86
	EndGlobalSection
	GlobalSection(ProjectConfigurationPlatforms) = postSolution
		{945DA716-504D-4D23-8D08-7B7AEA63F338}.Debug|Any CPU.ActiveCfg = Debug|Any CPU
		{945DA716-504D-4D23-8D08-7B7AEA63F338}.Debug|Any CPU.Build.0 = Debug|Any CPU
		{945DA716-504D-4D23-8D08-7B7AEA63F338}.Debug|x64.ActiveCfg = Debug|Any CPU
		{945DA716-504D-4D23-8D08-7B7AEA63F338}.Debug|x64.Build.0 = Debug|Any CPU
		{945DA716-504D-4D23-8D08-7B7AEA63F338}.Debug|x86.ActiveCfg = Debug|Any CPU
		{945DA716-504D-4D23-8D08-7B7AEA63F338}.Debug|x86.Build.0 = Debug|Any CPU
		{945DA716-504D-4D23-8D08-7B7AEA63F338}.Release|Any CPU.ActiveCfg = Release|Any CPU
		{945DA716-504D-4D23-8D08-7B7AEA63F338}.Release|Any CPU.Build.0 = Release|Any CPU
		{945DA716-504D-4D23-8D08-7B7AEA63F338}.Release|x64.ActiveCfg = Release|Any CPU
		{945DA716-504D-4D23-8D08-7B7AEA63F338}.Release|x64.Build.0 = Release|Any CPU
		{945DA716-504D-4D23-8D08-7B7AEA63F338}.Release|x86.ActiveCfg = Release|Any CPU
		{945DA716-504D-4D23-8D08-7B7AEA63F338}.Release|x86.Build.0 = Release|Any CPU
		{76BC65D0-87BA-4EC2-8F28-9D396AF31D9B}.Debug|Any CPU.ActiveCfg = Debug|Any CPU
		{76BC65D0-87BA-4EC2-8F28-9D396AF31D9B}.Debug|Any CPU.Build.0 = Debug|Any CPU
		{76BC65D0-87BA-4EC2-8F28-9D396AF31D9B}.Debug|x64.ActiveCfg = Debug|Any CPU
		{76BC65D0-87BA-4EC2-8F28-9D396AF31D9B}.Debug|x64.Build.0 = Debug|Any CPU
		{76BC65D0-87BA-4EC2-8F28-9D396AF31D9B}.Debug|x86.ActiveCfg = Debug|Any CPU
		{76BC65D0-87BA-4EC2-8F28-9D396AF31D9B}.Debug|x86.Build.0 = Debug|Any CPU
		{76BC65D0-87BA-4EC2-8F28-9D396AF31D9B}.Release|Any CPU.ActiveCfg = Release|Any CPU
		{76BC65D0-87BA-4EC2-8F28-9D396AF31D9B}.Release|Any CPU.Build.0 = Release|Any CPU
		{76BC65D0-87BA-4EC2-8F28-9D396AF31D9B}.Release|x64.ActiveCfg = Release|Any CPU
		{76BC65D0-87BA-4EC2-8F28-9D396AF31D9B}.Release|x64.Build.0 = Release|Any CPU
		{76BC65D0-87BA-4EC2-8F28-9D396AF31D9B}.Release|x86.ActiveCfg = Release|Any CPU
		{76BC65D0-87BA-4EC2-8F28-9D396AF31D9B}.Release|x86.Build.0 = Release|Any CPU
		{10CB5C75-1740-4C2D-844D-BA7C5873646A}.Debug|Any CPU.ActiveCfg = Debug|Any CPU
		{10CB5C75-1740-4C2D-844D-BA7C5873646A}.Debug|Any CPU.Build.0 = Debug|Any CPU
		{10CB5C75-1740-4C2D-844D-BA7C5873646A}.Debug|x64.ActiveCfg = Debug|Any CPU
		{10CB5C75-1740-4C2D-844D-BA7C5873646A}.Debug|x64.Build.0 = Debug|Any CPU
		{10CB5C75-1740-4C2D-844D-BA7C5873646A}.Debug|x86.ActiveCfg = Debug|Any CPU
		{10CB5C75-1740-4C2D-844D-BA7C5873646A}.Debug|x86.Build.0 = Debug|Any CPU
		{10CB5C75-1740-4C2D-844D-BA7C5873646A}.Release|Any CPU.ActiveCfg = Release|Any CPU
		{10CB5C75-1740-4C2D-844D-BA7C5873646A}.Release|Any CPU.Build.0 = Release|Any CPU
		{10CB5C75-1740-4C2D-844D-BA7C5873646A}.Release|x64.ActiveCfg = Release|Any CPU
		{10CB5C75-1740-4C2D-844D-BA7C5873646A}.Release|x64.Build.0 = Release|Any CPU
		{10CB5C75-1740-4C2D-844D-BA7C5873646A}.Release|x86.ActiveCfg = Release|Any CPU
		{10CB5C75-1740-4C2D-844D-BA7C5873646A}.Release|x86.Build.0 = Release|Any CPU
		{3B88B46E-4E8C-46DD-8684-49D4684F4C49}.Debug|Any CPU.ActiveCfg = Debug|Any CPU
		{3B88B46E-4E8C-46DD-8684-49D4684F4C49}.Debug|Any CPU.Build.0 = Debug|Any CPU
		{3B88B46E-4E8C-46DD-8684-49D4684F4C49}.Debug|x64.ActiveCfg = Debug|Any CPU
		{3B88B46E-4E8C-46DD-8684-49D4684F4C49}.Debug|x64.Build.0 = Debug|Any CPU
		{3B88B46E-4E8C-46DD-8684-49D4684F4C49}.Debug|x86.ActiveCfg = Debug|Any CPU
		{3B88B46E-4E8C-46DD-8684-49D4684F4C49}.Debug|x86.Build.0 = Debug|Any CPU
		{3B88B46E-4E8C-46DD-8684-49D4684F4C49}.Release|Any CPU.ActiveCfg = Release|Any CPU
		{3B88B46E-4E8C-46DD-8684-49D4684F4C49}.Release|Any CPU.Build.0 = Release|Any CPU
		{3B88B46E-4E8C-46DD-8684-49D4684F4C49}.Release|x64.ActiveCfg = Release|Any CPU
		{3B88B46E-4E8C-46DD-8684-49D4684F4C49}.Release|x64.Build.0 = Release|Any CPU
		{3B88B46E-4E8C-46DD-8684-49D4684F4C49}.Release|x86.ActiveCfg = Release|Any CPU
		{3B88B46E-4E8C-46DD-8684-49D4684F4C49}.Release|x86.Build.0 = Release|Any CPU
	EndGlobalSection
	GlobalSection(SolutionProperties) = preSolution
		HideSolutionNode = FALSE
	EndGlobalSection
	GlobalSection(ExtensibilityGlobals) = postSolution
		SolutionGuid = {0670FFBB-FD31-473B-9555-B95C6C74704E}
	EndGlobalSection
EndGlobal
